
Microsoft Visual Studio Solution File, Format Version 11.00
# Visual Studio 2010
Project("{E24C65DC-7377-472B-9ABA-BC803B73C61A}") = "webcam", "webcam\", "{5F4A17F1-8519-46FA-8C50-2A17FBDD36EC}"
	ProjectSection(WebsiteProperties) = preProject
		TargetFrameworkMoniker = ".NETFramework,Version%3Dv4.0"
		Debug.AspNetCompiler.VirtualPath = "/webcam"
		Debug.AspNetCompiler.PhysicalPath = "D:\联创\需求单\苏州代码\文档\webcam\webcam\webcam\"
		Debug.AspNetCompiler.TargetPath = "PrecompiledWeb\webcam\"
		Debug.AspNetCompiler.Updateable = "true"
		Debug.AspNetCompiler.ForceOverwrite = "true"
		Debug.AspNetCompiler.FixedNames = "false"
		Debug.AspNetCompiler.Debug = "True"
		Release.AspNetCompiler.VirtualPath = "/webcam"
		Release.AspNetCompiler.PhysicalPath = "D:\联创\需求单\苏州代码\文档\webcam\webcam\webcam\"
		Release.AspNetCompiler.TargetPath = "PrecompiledWeb\webcam\"
		Release.AspNetCompiler.Updateable = "true"
		Release.AspNetCompiler.ForceOverwrite = "true"
		Release.AspNetCompiler.FixedNames = "false"
		Release.AspNetCompiler.Debug = "False"
		VWDPort = "50996"
	EndProjectSection
EndProject
Global
	GlobalSection(SolutionConfigurationPlatforms) = preSolution
		Debug|Any CPU = Debug|Any CPU
	EndGlobalSection
	GlobalSection(ProjectConfigurationPlatforms) = postSolution
		{5F4A17F1-8519-46FA-8C50-2A17FBDD36EC}.Debug|Any CPU.ActiveCfg = Debug|Any CPU
		{5F4A17F1-8519-46FA-8C50-2A17FBDD36EC}.Debug|Any CPU.Build.0 = Debug|Any CPU
	EndGlobalSection
	GlobalSection(SolutionProperties) = preSolution
		HideSolutionNode = FALSE
	EndGlobalSection
EndGlobal
